{
  "name": "advent-of-code",
  "version": "1.0.0",
  "lockfileVersion": 1,
  "requires": true,
  "dependencies": {
    "charenc": {
      "version": "http://artifactory.factset.com/artifactory/api/npm/npm/charenc/-/charenc-0.0.1.tgz",
      "integrity": "sha1-AEz/n+rxAjgu0S21jdb5Ynltbog="
    },
    "crypt": {
      "version": "http://artifactory.factset.com/artifactory/api/npm/npm/crypt/-/crypt-0.0.1.tgz",
      "integrity": "sha1-XxGyGmwF7xteeXCDZtpjdOzh5qI="
    },
    "is-buffer": {
      "version": "http://artifactory.factset.com/artifactory/api/npm/npm/is-buffer/-/is-buffer-1.1.4.tgz",
      "integrity": "sha1-z8hszV3FpS+oBIkRHGkgxFfi2Ys="
    },
    "lodash": {
      "version": "4.17.4",
      "resolved": "http://artifactory.factset.com/artifactory/api/npm/npm/lodash/-/lodash-4.17.4.tgz",
      "integrity": "sha1-eCA6TRwyiuHYbcpkYONptX9AVa4="
    },
    "md5": {
      "version": "http://artifactory.factset.com/artifactory/api/npm/npm/md5/-/md5-2.2.1.tgz",
      "integrity": "sha1-U6s41f48iJG6RlMp6iP6wFQBJvk=",
      "requires": {
        "charenc": "http://artifactory.factset.com/artifactory/api/npm/npm/charenc/-/charenc-0.0.1.tgz",
        "crypt": "http://artifactory.factset.com/artifactory/api/npm/npm/crypt/-/crypt-0.0.1.tgz",
        "is-buffer": "http://artifactory.factset.com/artifactory/api/npm/npm/is-buffer/-/is-buffer-1.1.4.tgz"
      }
    },
    "moment": {
      "version": "http://artifactory.factset.com/artifactory/api/npm/npm/moment/-/moment-2.17.0.tgz",
      "integrity": "sha1-pMKS4CqsXd77Kabu0k9Rk43Tt08="
    }
  }
}
