# THIS IS AN AUTOGENERATED FILE. DO NOT EDIT THIS FILE DIRECTLY.
# yarn lockfile v1


charenc@~0.0.1:
  version "0.0.2"
  resolved "http://artifactory.factset.com/artifactory/api/npm/npm/charenc/-/charenc-0.0.2.tgz#c0a1d2f3a7092e03774bfa83f14c0fc5790a8667"

crypt@~0.0.1:
  version "0.0.2"
  resolved "http://artifactory.factset.com/artifactory/api/npm/npm/crypt/-/crypt-0.0.2.tgz#88d7ff7ec0dfb86f713dc87bbb42d044d3e6c41b"

is-buffer@~1.1.1:
  version "1.1.6"
  resolved "http://artifactory.factset.com/artifactory/api/npm/npm/is-buffer/-/is-buffer-1.1.6.tgz#efaa2ea9daa0d7ab2ea13a97b2b8ad51fefbe8be"

lodash@^4.17.4:
  version "4.17.4"
  resolved "http://artifactory.factset.com/artifactory/api/npm/npm/lodash/-/lodash-4.17.4.tgz#78203a4d1c328ae1d86dca6460e369b57f4055ae"

md5@^2.2.1:
  version "2.2.1"
  resolved "http://artifactory.factset.com/artifactory/api/npm/npm/md5/-/md5-2.2.1.tgz#53ab38d5fe3c8891ba465329ea23fac0540126f9"
  dependencies:
    charenc "~0.0.1"
    crypt "~0.0.1"
    is-buffer "~1.1.1"

moment@^2.17.0:
  version "2.19.3"
  resolved "http://artifactory.factset.com/artifactory/api/npm/npm/moment/-/moment-2.19.3.tgz#bdb99d270d6d7fda78cc0fbace855e27fe7da69f"
